// !$*UTF8*$!
{
	archiveVersion = 1;
	classes = {
	};
	objectVersion = 46;
	objects = {

/* Begin PBXBuildFile section */
		266367E31D9BA0900026E977 /* AppDelegate.swift in Sources */ = {isa = PBXBuildFile; fileRef = 266367E21D9BA0900026E977 /* AppDelegate.swift */; };
		266367E51D9BA0900026E977 /* ViewController.swift in Sources */ = {isa = PBXBuildFile; fileRef = 266367E41D9BA0900026E977 /* ViewController.swift */; };
		266367E81D9BA0900026E977 /* Main.storyboard in Resources */ = {isa = PBXBuildFile; fileRef = 266367E61D9BA0900026E977 /* Main.storyboard */; };
		266367EA1D9BA0900026E977 /* Assets.xcassets in Resources */ = {isa = PBXBuildFile; fileRef = 266367E91D9BA0900026E977 /* Assets.xcassets */; };
		266367ED1D9BA0900026E977 /* LaunchScreen.storyboard in Resources */ = {isa = PBXBuildFile; fileRef = 266367EB1D9BA0900026E977 /* LaunchScreen.storyboard */; };
		266367F91D9BA0B70026E977 /* Gaspar Regular.otf in Resources */ = {isa = PBXBuildFile; fileRef = 266367F51D9BA0B70026E977 /* Gaspar Regular.otf */; };
		266367FA1D9BA0B70026E977 /* MFJinHei_Noncommercial-Regular.ttf in Resources */ = {isa = PBXBuildFile; fileRef = 266367F61D9BA0B70026E977 /* MFJinHei_Noncommercial-Regular.ttf */; };
		266367FB1D9BA0B70026E977 /* MFTongXin_Noncommercial-Regular.ttf in Resources */ = {isa = PBXBuildFile; fileRef = 266367F71D9BA0B70026E977 /* MFTongXin_Noncommercial-Regular.ttf */; };
		266367FC1D9BA0B70026E977 /* MFZhiHei_Noncommercial-Regular.ttf in Resources */ = {isa = PBXBuildFile; fileRef = 266367F81D9BA0B70026E977 /* MFZhiHei_Noncommercial-Regular.ttf */; };
/* End PBXBuildFile section */

/* Begin PBXFileReference section */
		266367DF1D9BA0900026E977 /* CustomFont.app */ = {isa = PBXFileReference; explicitFileType = wrapper.application; includeInIndex = 0; path = CustomFont.app; sourceTree = BUILT_PRODUCTS_DIR; };
		266367E21D9BA0900026E977 /* AppDelegate.swift */ = {isa = PBXFileReference; lastKnownFileType = sourcecode.swift; path = AppDelegate.swift; sourceTree = "<group>"; };
		266367E41D9BA0900026E977 /* ViewController.swift */ = {isa = PBXFileReference; lastKnownFileType = sourcecode.swift; path = ViewController.swift; sourceTree = "<group>"; };
		266367E71D9BA0900026E977 /* Base */ = {isa = PBXFileReference; lastKnownFileType = file.storyboard; name = Base; path = Base.lproj/Main.storyboard; sourceTree = "<group>"; };
		266367E91D9BA0900026E977 /* Assets.xcassets */ = {isa = PBXFileReference; lastKnownFileType = folder.assetcatalog; path = Assets.xcassets; sourceTree = "<group>"; };
		266367EC1D9BA0900026E977 /* Base */ = {isa = PBXFileReference; lastKnownFileType = file.storyboard; name = Base; path = Base.lproj/LaunchScreen.storyboard; sourceTree = "<group>"; };
		266367EE1D9BA0900026E977 /* Info.plist */ = {isa = PBXFileReference; lastKnownFileType = text.plist.xml; path = Info.plist; sourceTree = "<group>"; };
		266367F51D9BA0B70026E977 /* Gaspar Regular.otf */ = {isa = PBXFileReference; lastKnownFileType = file; path = "Gaspar Regular.otf"; sourceTree = "<group>"; };
		266367F61D9BA0B70026E977 /* MFJinHei_Noncommercial-Regular.ttf */ = {isa = PBXFileReference; lastKnownFileType = file; path = "MFJinHei_Noncommercial-Regular.ttf"; sourceTree = "<group>"; };
		266367F71D9BA0B70026E977 /* MFTongXin_Noncommercial-Regular.ttf */ = {isa = PBXFileReference; lastKnownFileType = file; path = "MFTongXin_Noncommercial-Regular.ttf"; sourceTree = "<group>"; };
		266367F81D9BA0B70026E977 /* MFZhiHei_Noncommercial-Regular.ttf */ = {isa = PBXFileReference; lastKnownFileType = file; path = "MFZhiHei_Noncommercial-Regular.ttf"; sourceTree = "<group>"; };
/* End PBXFileReference section */

/* Begin PBXFrameworksBuildPhase section */
		266367DC1D9BA0900026E977 /* Frameworks */ = {
			isa = PBXFrameworksBuildPhase;
			buildActionMask = 2147483647;
			files = (
			);
			runOnlyForDeploymentPostprocessing = 0;
		};
/* End PBXFrameworksBuildPhase section */

/* Begin PBXGroup section */
		266367D61D9BA0900026E977 = {
			isa = PBXGroup;
			children = (
				266367E11D9BA0900026E977 /* CustomFont */,
				266367E01D9BA0900026E977 /* Products */,
			);
			sourceTree = "<group>";
		};
		266367E01D9BA0900026E977 /* Products */ = {
			isa = PBXGroup;
			children = (
				266367DF1D9BA0900026E977 /* CustomFont.app */,
			);
			name = Products;
			sourceTree = "<group>";
		};
		266367E11D9BA0900026E977 /* CustomFont */ = {
			isa = PBXGroup;
			children = (
				266367F41D9BA0B70026E977 /* Fonts */,
				266367E21D9BA0900026E977 /* AppDelegate.swift */,
				266367E41D9BA0900026E977 /* ViewController.swift */,
				266367E61D9BA0900026E977 /* Main.storyboard */,
				266367E91D9BA0900026E977 /* Assets.xcassets */,
				266367EB1D9BA0900026E977 /* LaunchScreen.storyboard */,
				266367EE1D9BA0900026E977 /* Info.plist */,
			);
			path = CustomFont;
			sourceTree = "<group>";
		};
		266367F41D9BA0B70026E977 /* Fonts */ = {
			isa = PBXGroup;
			children = (
				266367F51D9BA0B70026E977 /* Gaspar Regular.otf */,
				266367F61D9BA0B70026E977 /* MFJinHei_Noncommercial-Regular.ttf */,
				266367F71D9BA0B70026E977 /* MFTongXin_Noncommercial-Regular.ttf */,
				266367F81D9BA0B70026E977 /* MFZhiHei_Noncommercial-Regular.ttf */,
			);
			path = Fonts;
			sourceTree = "<group>";
		};
/* End PBXGroup section */

/* Begin PBXNativeTarget section */
		266367DE1D9BA0900026E977 /* CustomFont */ = {
			isa = PBXNativeTarget;
			buildConfigurationList = 266367F11D9BA0900026E977 /* Build configuration list for PBXNativeTarget "CustomFont" */;
			buildPhases = (
				266367DB1D9BA0900026E977 /* Sources */,
				266367DC1D9BA0900026E977 /* Frameworks */,
				266367DD1D9BA0900026E977 /* Resources */,
			);
			buildRules = (
			);
			dependencies = (
			);
			name = CustomFont;
			productName = CustomFont;
			productReference = 266367DF1D9BA0900026E977 /* CustomFont.app */;
			productType = "com.apple.product-type.application";
		};
/* End PBXNativeTarget section */

/* Begin PBXProject section */
		266367D71D9BA0900026E977 /* Project object */ = {
			isa = PBXProject;
			attributes = {
				LastSwiftUpdateCheck = 0730;
				LastUpgradeCheck = 0730;
				ORGANIZATIONNAME = MrJackL;
				TargetAttributes = {
					266367DE1D9BA0900026E977 = {
						CreatedOnToolsVersion = 7.3;
					};
				};
			};
			buildConfigurationList = 266367DA1D9BA0900026E977 /* Build configuration list for PBXProject "CustomFont" */;
			compatibilityVersion = "Xcode 3.2";
			developmentRegion = English;
			hasScannedForEncodings = 0;
			knownRegions = (
				en,
				Base,
			);
			mainGroup = 266367D61D9BA0900026E977;
			productRefGroup = 266367E01D9BA0900026E977 /* Products */;
			projectDirPath = "";
			projectRoot = "";
			targets = (
				266367DE1D9BA0900026E977 /* CustomFont */,
			);
		};
/* End PBXProject section */

/* Begin PBXResourcesBuildPhase section */
		266367DD1D9BA0900026E977 /* Resources */ = {
			isa = PBXResourcesBuildPhase;
			buildActionMask = 2147483647;
			files = (
				266367ED1D9BA0900026E977 /* LaunchScreen.storyboard in Resources */,
				266367F91D9BA0B70026E977 /* Gaspar Regular.otf in Resources */,
				266367FC1D9BA0B70026E977 /* MFZhiHei_Noncommercial-Regular.ttf in Resources */,
				266367FA1D9BA0B70026E977 /* MFJinHei_Noncommercial-Regular.ttf in Resources */,
				266367EA1D9BA0900026E977 /* Assets.xcassets in Resources */,
				266367FB1D9BA0B70026E977 /* MFTongXin_Noncommercial-Regular.ttf in Resources */,
				266367E81D9BA0900026E977 /* Main.storyboard in Resources */,
			);
			runOnlyForDeploymentPostprocessing = 0;
		};
/* End PBXResourcesBuildPhase section */

/* Begin PBXSourcesBuildPhase section */
		266367DB1D9BA0900026E977 /* Sources */ = {
			isa = PBXSourcesBuildPhase;
			buildActionMask = 2147483647;
			files = (
				266367E51D9BA0900026E977 /* ViewController.swift in Sources */,
				266367E31D9BA0900026E977 /* AppDelegate.swift in Sources */,
			);
			runOnlyForDeploymentPostprocessing = 0;
		};
/* End PBXSourcesBuildPhase section */

/* Begin PBXVariantGroup section */
		266367E61D9BA0900026E977 /* Main.storyboard */ = {
			isa = PBXVariantGroup;
			children = (
				266367E71D9BA0900026E977 /* Base */,
			);
			name = Main.storyboard;
			sourceTree = "<group>";
		};
		266367EB1D9BA0900026E977 /* LaunchScreen.storyboard */ = {
			isa = PBXVariantGroup;
			children = (
				266367EC1D9BA0900026E977 /* Base */,
			);
			name = LaunchScreen.storyboard;
			sourceTree = "<group>";
		};
/* End PBXVariantGroup section */

/* Begin XCBuildConfiguration section */
		266367EF1D9BA0900026E977 /* Debug */ = {
			isa = XCBuildConfiguration;
			buildSettings = {
				ALWAYS_SEARCH_USER_PATHS = NO;
				CLANG_ANALYZER_NONNULL = YES;
				CLANG_CXX_LANGUAGE_STANDARD = "gnu++0x";
				CLANG_CXX_LIBRARY = "libc++";
				CLANG_ENABLE_MODULES = YES;
				CLANG_ENABLE_OBJC_ARC = YES;
				CLANG_WARN_BOOL_CONVERSION = YES;
				CLANG_WARN_CONSTANT_CONVERSION = YES;
				CLANG_WARN_DIRECT_OBJC_ISA_USAGE = YES_ERROR;
				CLANG_WARN_EMPTY_BODY = YES;
				CLANG_WARN_ENUM_CONVERSION = YES;
				CLANG_WARN_INT_CONVERSION = YES;
				CLANG_WARN_OBJC_ROOT_CLASS = YES_ERROR;
				CLANG_WARN_UNREACHABLE_CODE = YES;
				CLANG_WARN__DUPLICATE_METHOD_MATCH = YES;
				"CODE_SIGN_IDENTITY[sdk=iphoneos*]" = "iPhone Developer";
				COPY_PHASE_STRIP = NO;
				DEBUG_INFORMATION_FORMAT = dwarf;
				ENABLE_STRICT_OBJC_MSGSEND = YES;
				ENABLE_TESTABILITY = YES;
				GCC_C_LANGUAGE_STANDARD = gnu99;
				GCC_DYNAMIC_NO_PIC = NO;
				GCC_NO_COMMON_BLOCKS = YES;
				GCC_OPTIMIZATION_LEVEL = 0;
				GCC_PREPROCESSOR_DEFINITIONS = (
					"DEBUG=1",
					"$(inherited)",
				);
				GCC_WARN_64_TO_32_BIT_CONVERSION = YES;
				GCC_WARN_ABOUT_RETURN_TYPE = YES_ERROR;
				GCC_WARN_UNDECLARED_SELECTOR = YES;
				GCC_WARN_UNINITIALIZED_AUTOS = YES_AGGRESSIVE;
				GCC_WARN_UNUSED_FUNCTION = YES;
				GCC_WARN_UNUSED_VARIABLE = YES;
				IPHONEOS_DEPLOYMENT_TARGET = 9.3;
				MTL_ENABLE_DEBUG_INFO = YES;
				ONLY_ACTIVE_ARCH = YES;
				SDKROOT = iphoneos;
				SWIFT_OPTIMIZATION_LEVEL = "-Onone";
			};
			name = Debug;
		};
		266367F01D9BA0900026E977 /* Release */ = {
			isa = XCBuildConfiguration;
			buildSettings = {
				ALWAYS_SEARCH_USER_PATHS = NO;
				CLANG_ANALYZER_NONNULL = YES;
				CLANG_CXX_LANGUAGE_STANDARD = "gnu++0x";
				CLANG_CXX_LIBRARY = "libc++";
				CLANG_ENABLE_MODULES = YES;
				CLANG_ENABLE_OBJC_ARC = YES;
				CLANG_WARN_BOOL_CONVERSION = YES;
				CLANG_WARN_CONSTANT_CONVERSION = YES;
				CLANG_WARN_DIRECT_OBJC_ISA_USAGE = YES_ERROR;
				CLANG_WARN_EMPTY_BODY = YES;
				CLANG_WARN_ENUM_CONVERSION = YES;
				CLANG_WARN_INT_CONVERSION = YES;
				CLANG_WARN_OBJC_ROOT_CLASS = YES_ERROR;
				CLANG_WARN_UNREACHABLE_CODE = YES;
				CLANG_WARN__DUPLICATE_METHOD_MATCH = YES;
				"CODE_SIGN_IDENTITY[sdk=iphoneos*]" = "iPhone Developer";
				COPY_PHASE_STRIP = NO;
				DEBUG_INFORMATION_FORMAT = "dwarf-with-dsym";
				ENABLE_NS_ASSERTIONS = NO;
				ENABLE_STRICT_OBJC_MSGSEND = YES;
				GCC_C_LANGUAGE_STANDARD = gnu99;
				GCC_NO_COMMON_BLOCKS = YES;
				GCC_WARN_64_TO_32_BIT_CONVERSION = YES;
				GCC_WARN_ABOUT_RETURN_TYPE = YES_ERROR;
				GCC_WARN_UNDECLARED_SELECTOR = YES;
				GCC_WARN_UNINITIALIZED_AUTOS = YES_AGGRESSIVE;
				GCC_WARN_UNUSED_FUNCTION = YES;
				GCC_WARN_UNUSED_VARIABLE = YES;
				IPHONEOS_DEPLOYMENT_TARGET = 9.3;
				MTL_ENABLE_DEBUG_INFO = NO;
				SDKROOT = iphoneos;
				VALIDATE_PRODUCT = YES;
			};
			name = Release;
		};
		266367F21D9BA0900026E977 /* Debug */ = {
			isa = XCBuildConfiguration;
			buildSettings = {
				ASSETCATALOG_COMPILER_APPICON_NAME = AppIcon;
				INFOPLIST_FILE = CustomFont/Info.plist;
				IPHONEOS_DEPLOYMENT_TARGET = 8.0;
				LD_RUNPATH_SEARCH_PATHS = "$(inherited) @executable_path/Frameworks";
				PRODUCT_BUNDLE_IDENTIFIER = com.zihigh.test2.CustomFont;
				PRODUCT_NAME = "$(TARGET_NAME)";
			};
			name = Debug;
		};
		266367F31D9BA0900026E977 /* Release */ = {
			isa = XCBuildConfiguration;
			buildSettings = {
				ASSETCATALOG_COMPILER_APPICON_NAME = AppIcon;
				INFOPLIST_FILE = CustomFont/Info.plist;
				IPHONEOS_DEPLOYMENT_TARGET = 8.0;
				LD_RUNPATH_SEARCH_PATHS = "$(inherited) @executable_path/Frameworks";
				PRODUCT_BUNDLE_IDENTIFIER = com.zihigh.test2.CustomFont;
				PRODUCT_NAME = "$(TARGET_NAME)";
			};
			name = Release;
		};
/* End XCBuildConfiguration section */

/* Begin XCConfigurationList section */
		266367DA1D9BA0900026E977 /* Build configuration list for PBXProject "CustomFont" */ = {
			isa = XCConfigurationList;
			buildConfigurations = (
				266367EF1D9BA0900026E977 /* Debug */,
				266367F01D9BA0900026E977 /* Release */,
			);
			defaultConfigurationIsVisible = 0;
			defaultConfigurationName = Release;
		};
		266367F11D9BA0900026E977 /* Build configuration list for PBXNativeTarget "CustomFont" */ = {
			isa = XCConfigurationList;
			buildConfigurations = (
				266367F21D9BA0900026E977 /* Debug */,
				266367F31D9BA0900026E977 /* Release */,
			);
			defaultConfigurationIsVisible = 0;
		};
/* End XCConfigurationList section */
	};
	rootObject = 266367D71D9BA0900026E977 /* Project object */;
}
