// !$*UTF8*$!
{
	archiveVersion = 1;
	classes = {
	};
	objectVersion = 46;
	objects = {

/* Begin PBXBuildFile section */
		2663680A1D9BBC350026E977 /* AppDelegate.swift in Sources */ = {isa = PBXBuildFile; fileRef = 266368091D9BBC350026E977 /* AppDelegate.swift */; };
		2663680C1D9BBC350026E977 /* ViewController.swift in Sources */ = {isa = PBXBuildFile; fileRef = 2663680B1D9BBC350026E977 /* ViewController.swift */; };
		2663680F1D9BBC350026E977 /* Main.storyboard in Resources */ = {isa = PBXBuildFile; fileRef = 2663680D1D9BBC350026E977 /* Main.storyboard */; };
		266368111D9BBC350026E977 /* Assets.xcassets in Resources */ = {isa = PBXBuildFile; fileRef = 266368101D9BBC350026E977 /* Assets.xcassets */; };
		266368141D9BBC350026E977 /* LaunchScreen.storyboard in Resources */ = {isa = PBXBuildFile; fileRef = 266368121D9BBC350026E977 /* LaunchScreen.storyboard */; };
/* End PBXBuildFile section */

/* Begin PBXFileReference section */
		266368061D9BBC350026E977 /* Demo3-Location.app */ = {isa = PBXFileReference; explicitFileType = wrapper.application; includeInIndex = 0; path = "Demo3-Location.app"; sourceTree = BUILT_PRODUCTS_DIR; };
		266368091D9BBC350026E977 /* AppDelegate.swift */ = {isa = PBXFileReference; lastKnownFileType = sourcecode.swift; path = AppDelegate.swift; sourceTree = "<group>"; };
		2663680B1D9BBC350026E977 /* ViewController.swift */ = {isa = PBXFileReference; lastKnownFileType = sourcecode.swift; path = ViewController.swift; sourceTree = "<group>"; };
		2663680E1D9BBC350026E977 /* Base */ = {isa = PBXFileReference; lastKnownFileType = file.storyboard; name = Base; path = Base.lproj/Main.storyboard; sourceTree = "<group>"; };
		266368101D9BBC350026E977 /* Assets.xcassets */ = {isa = PBXFileReference; lastKnownFileType = folder.assetcatalog; path = Assets.xcassets; sourceTree = "<group>"; };
		266368131D9BBC350026E977 /* Base */ = {isa = PBXFileReference; lastKnownFileType = file.storyboard; name = Base; path = Base.lproj/LaunchScreen.storyboard; sourceTree = "<group>"; };
		266368151D9BBC350026E977 /* Info.plist */ = {isa = PBXFileReference; lastKnownFileType = text.plist.xml; path = Info.plist; sourceTree = "<group>"; };
/* End PBXFileReference section */

/* Begin PBXFrameworksBuildPhase section */
		266368031D9BBC350026E977 /* Frameworks */ = {
			isa = PBXFrameworksBuildPhase;
			buildActionMask = 2147483647;
			files = (
			);
			runOnlyForDeploymentPostprocessing = 0;
		};
/* End PBXFrameworksBuildPhase section */

/* Begin PBXGroup section */
		266367FD1D9BBC350026E977 = {
			isa = PBXGroup;
			children = (
				266368081D9BBC350026E977 /* Demo3-Location */,
				266368071D9BBC350026E977 /* Products */,
			);
			sourceTree = "<group>";
		};
		266368071D9BBC350026E977 /* Products */ = {
			isa = PBXGroup;
			children = (
				266368061D9BBC350026E977 /* Demo3-Location.app */,
			);
			name = Products;
			sourceTree = "<group>";
		};
		266368081D9BBC350026E977 /* Demo3-Location */ = {
			isa = PBXGroup;
			children = (
				266368091D9BBC350026E977 /* AppDelegate.swift */,
				2663680B1D9BBC350026E977 /* ViewController.swift */,
				2663680D1D9BBC350026E977 /* Main.storyboard */,
				266368101D9BBC350026E977 /* Assets.xcassets */,
				266368121D9BBC350026E977 /* LaunchScreen.storyboard */,
				266368151D9BBC350026E977 /* Info.plist */,
			);
			path = "Demo3-Location";
			sourceTree = "<group>";
		};
/* End PBXGroup section */

/* Begin PBXNativeTarget section */
		266368051D9BBC350026E977 /* Demo3-Location */ = {
			isa = PBXNativeTarget;
			buildConfigurationList = 266368181D9BBC350026E977 /* Build configuration list for PBXNativeTarget "Demo3-Location" */;
			buildPhases = (
				266368021D9BBC350026E977 /* Sources */,
				266368031D9BBC350026E977 /* Frameworks */,
				266368041D9BBC350026E977 /* Resources */,
			);
			buildRules = (
			);
			dependencies = (
			);
			name = "Demo3-Location";
			productName = "Demo3-Location";
			productReference = 266368061D9BBC350026E977 /* Demo3-Location.app */;
			productType = "com.apple.product-type.application";
		};
/* End PBXNativeTarget section */

/* Begin PBXProject section */
		266367FE1D9BBC350026E977 /* Project object */ = {
			isa = PBXProject;
			attributes = {
				LastSwiftUpdateCheck = 0730;
				LastUpgradeCheck = 0730;
				ORGANIZATIONNAME = MrJackL;
				TargetAttributes = {
					266368051D9BBC350026E977 = {
						CreatedOnToolsVersion = 7.3;
						SystemCapabilities = {
							com.apple.BackgroundModes = {
								enabled = 0;
							};
						};
					};
				};
			};
			buildConfigurationList = 266368011D9BBC350026E977 /* Build configuration list for PBXProject "Demo3-Location" */;
			compatibilityVersion = "Xcode 3.2";
			developmentRegion = English;
			hasScannedForEncodings = 0;
			knownRegions = (
				en,
				Base,
			);
			mainGroup = 266367FD1D9BBC350026E977;
			productRefGroup = 266368071D9BBC350026E977 /* Products */;
			projectDirPath = "";
			projectRoot = "";
			targets = (
				266368051D9BBC350026E977 /* Demo3-Location */,
			);
		};
/* End PBXProject section */

/* Begin PBXResourcesBuildPhase section */
		266368041D9BBC350026E977 /* Resources */ = {
			isa = PBXResourcesBuildPhase;
			buildActionMask = 2147483647;
			files = (
				266368141D9BBC350026E977 /* LaunchScreen.storyboard in Resources */,
				266368111D9BBC350026E977 /* Assets.xcassets in Resources */,
				2663680F1D9BBC350026E977 /* Main.storyboard in Resources */,
			);
			runOnlyForDeploymentPostprocessing = 0;
		};
/* End PBXResourcesBuildPhase section */

/* Begin PBXSourcesBuildPhase section */
		266368021D9BBC350026E977 /* Sources */ = {
			isa = PBXSourcesBuildPhase;
			buildActionMask = 2147483647;
			files = (
				2663680C1D9BBC350026E977 /* ViewController.swift in Sources */,
				2663680A1D9BBC350026E977 /* AppDelegate.swift in Sources */,
			);
			runOnlyForDeploymentPostprocessing = 0;
		};
/* End PBXSourcesBuildPhase section */

/* Begin PBXVariantGroup section */
		2663680D1D9BBC350026E977 /* Main.storyboard */ = {
			isa = PBXVariantGroup;
			children = (
				2663680E1D9BBC350026E977 /* Base */,
			);
			name = Main.storyboard;
			sourceTree = "<group>";
		};
		266368121D9BBC350026E977 /* LaunchScreen.storyboard */ = {
			isa = PBXVariantGroup;
			children = (
				266368131D9BBC350026E977 /* Base */,
			);
			name = LaunchScreen.storyboard;
			sourceTree = "<group>";
		};
/* End PBXVariantGroup section */

/* Begin XCBuildConfiguration section */
		266368161D9BBC350026E977 /* Debug */ = {
			isa = XCBuildConfiguration;
			buildSettings = {
				ALWAYS_SEARCH_USER_PATHS = NO;
				CLANG_ANALYZER_NONNULL = YES;
				CLANG_CXX_LANGUAGE_STANDARD = "gnu++0x";
				CLANG_CXX_LIBRARY = "libc++";
				CLANG_ENABLE_MODULES = YES;
				CLANG_ENABLE_OBJC_ARC = YES;
				CLANG_WARN_BOOL_CONVERSION = YES;
				CLANG_WARN_CONSTANT_CONVERSION = YES;
				CLANG_WARN_DIRECT_OBJC_ISA_USAGE = YES_ERROR;
				CLANG_WARN_EMPTY_BODY = YES;
				CLANG_WARN_ENUM_CONVERSION = YES;
				CLANG_WARN_INT_CONVERSION = YES;
				CLANG_WARN_OBJC_ROOT_CLASS = YES_ERROR;
				CLANG_WARN_UNREACHABLE_CODE = YES;
				CLANG_WARN__DUPLICATE_METHOD_MATCH = YES;
				"CODE_SIGN_IDENTITY[sdk=iphoneos*]" = "iPhone Developer";
				COPY_PHASE_STRIP = NO;
				DEBUG_INFORMATION_FORMAT = dwarf;
				ENABLE_STRICT_OBJC_MSGSEND = YES;
				ENABLE_TESTABILITY = YES;
				GCC_C_LANGUAGE_STANDARD = gnu99;
				GCC_DYNAMIC_NO_PIC = NO;
				GCC_NO_COMMON_BLOCKS = YES;
				GCC_OPTIMIZATION_LEVEL = 0;
				GCC_PREPROCESSOR_DEFINITIONS = (
					"DEBUG=1",
					"$(inherited)",
				);
				GCC_WARN_64_TO_32_BIT_CONVERSION = YES;
				GCC_WARN_ABOUT_RETURN_TYPE = YES_ERROR;
				GCC_WARN_UNDECLARED_SELECTOR = YES;
				GCC_WARN_UNINITIALIZED_AUTOS = YES_AGGRESSIVE;
				GCC_WARN_UNUSED_FUNCTION = YES;
				GCC_WARN_UNUSED_VARIABLE = YES;
				IPHONEOS_DEPLOYMENT_TARGET = 9.3;
				MTL_ENABLE_DEBUG_INFO = YES;
				ONLY_ACTIVE_ARCH = YES;
				SDKROOT = iphoneos;
				SWIFT_OPTIMIZATION_LEVEL = "-Onone";
			};
			name = Debug;
		};
		266368171D9BBC350026E977 /* Release */ = {
			isa = XCBuildConfiguration;
			buildSettings = {
				ALWAYS_SEARCH_USER_PATHS = NO;
				CLANG_ANALYZER_NONNULL = YES;
				CLANG_CXX_LANGUAGE_STANDARD = "gnu++0x";
				CLANG_CXX_LIBRARY = "libc++";
				CLANG_ENABLE_MODULES = YES;
				CLANG_ENABLE_OBJC_ARC = YES;
				CLANG_WARN_BOOL_CONVERSION = YES;
				CLANG_WARN_CONSTANT_CONVERSION = YES;
				CLANG_WARN_DIRECT_OBJC_ISA_USAGE = YES_ERROR;
				CLANG_WARN_EMPTY_BODY = YES;
				CLANG_WARN_ENUM_CONVERSION = YES;
				CLANG_WARN_INT_CONVERSION = YES;
				CLANG_WARN_OBJC_ROOT_CLASS = YES_ERROR;
				CLANG_WARN_UNREACHABLE_CODE = YES;
				CLANG_WARN__DUPLICATE_METHOD_MATCH = YES;
				"CODE_SIGN_IDENTITY[sdk=iphoneos*]" = "iPhone Developer";
				COPY_PHASE_STRIP = NO;
				DEBUG_INFORMATION_FORMAT = "dwarf-with-dsym";
				ENABLE_NS_ASSERTIONS = NO;
				ENABLE_STRICT_OBJC_MSGSEND = YES;
				GCC_C_LANGUAGE_STANDARD = gnu99;
				GCC_NO_COMMON_BLOCKS = YES;
				GCC_WARN_64_TO_32_BIT_CONVERSION = YES;
				GCC_WARN_ABOUT_RETURN_TYPE = YES_ERROR;
				GCC_WARN_UNDECLARED_SELECTOR = YES;
				GCC_WARN_UNINITIALIZED_AUTOS = YES_AGGRESSIVE;
				GCC_WARN_UNUSED_FUNCTION = YES;
				GCC_WARN_UNUSED_VARIABLE = YES;
				IPHONEOS_DEPLOYMENT_TARGET = 9.3;
				MTL_ENABLE_DEBUG_INFO = NO;
				SDKROOT = iphoneos;
				VALIDATE_PRODUCT = YES;
			};
			name = Release;
		};
		266368191D9BBC350026E977 /* Debug */ = {
			isa = XCBuildConfiguration;
			buildSettings = {
				ASSETCATALOG_COMPILER_APPICON_NAME = AppIcon;
				CODE_SIGN_IDENTITY = "iPhone Developer: Jie Liao (8Y4FG259MX)";
				INFOPLIST_FILE = "Demo3-Location/Info.plist";
				IPHONEOS_DEPLOYMENT_TARGET = 7.0;
				LD_RUNPATH_SEARCH_PATHS = "$(inherited) @executable_path/Frameworks";
				PRODUCT_BUNDLE_IDENTIFIER = com.zihigh.test2;
				PRODUCT_NAME = "$(TARGET_NAME)";
				PROVISIONING_PROFILE = "23544e80-9220-4cfb-92bc-4d3cce1dc320";
			};
			name = Debug;
		};
		2663681A1D9BBC350026E977 /* Release */ = {
			isa = XCBuildConfiguration;
			buildSettings = {
				ASSETCATALOG_COMPILER_APPICON_NAME = AppIcon;
				CODE_SIGN_IDENTITY = "iPhone Developer: Jie Liao (8Y4FG259MX)";
				"CODE_SIGN_IDENTITY[sdk=iphoneos*]" = "iPhone Developer: Jie Liao (8Y4FG259MX)";
				INFOPLIST_FILE = "Demo3-Location/Info.plist";
				IPHONEOS_DEPLOYMENT_TARGET = 7.0;
				LD_RUNPATH_SEARCH_PATHS = "$(inherited) @executable_path/Frameworks";
				PRODUCT_BUNDLE_IDENTIFIER = com.zihigh.test2;
				PRODUCT_NAME = "$(TARGET_NAME)";
				PROVISIONING_PROFILE = "23544e80-9220-4cfb-92bc-4d3cce1dc320";
			};
			name = Release;
		};
/* End XCBuildConfiguration section */

/* Begin XCConfigurationList section */
		266368011D9BBC350026E977 /* Build configuration list for PBXProject "Demo3-Location" */ = {
			isa = XCConfigurationList;
			buildConfigurations = (
				266368161D9BBC350026E977 /* Debug */,
				266368171D9BBC350026E977 /* Release */,
			);
			defaultConfigurationIsVisible = 0;
			defaultConfigurationName = Release;
		};
		266368181D9BBC350026E977 /* Build configuration list for PBXNativeTarget "Demo3-Location" */ = {
			isa = XCConfigurationList;
			buildConfigurations = (
				266368191D9BBC350026E977 /* Debug */,
				2663681A1D9BBC350026E977 /* Release */,
			);
			defaultConfigurationIsVisible = 0;
			defaultConfigurationName = Release;
		};
/* End XCConfigurationList section */
	};
	rootObject = 266367FE1D9BBC350026E977 /* Project object */;
}
